
Microsoft Visual Studio Solution File, Format Version 12.00
# Visual Studio 2013
VisualStudioVersion = 12.0.21005.1
MinimumVisualStudioVersion = 10.0.40219.1
Project("{FAE04EC0-301F-11D3-BF4B-00C04F79EFBC}") = "Pong", "Pong\Pong\Pong.csproj", "{79063B70-854F-4C03-A0EB-837572E57063}"
EndProject
Project("{FAE04EC0-301F-11D3-BF4B-00C04F79EFBC}") = "PongContent", "Pong\PongContent\PongContent.contentproj", "{2D3577FC-5D08-4F74-A1C8-1919A98DAB27}"
EndProject
Project("{FAE04EC0-301F-11D3-BF4B-00C04F79EFBC}") = "GameStateManagement (Windows)", "..\GameStateManagement\GameStateManagement (Windows).csproj", "{0A551D79-F37E-4529-9CA0-3FD2E9EA715E}"
EndProject
Global
	GlobalSection(SolutionConfigurationPlatforms) = preSolution
		Debug|x86 = Debug|x86
		Release|x86 = Release|x86
	EndGlobalSection
	GlobalSection(ProjectConfigurationPlatforms) = postSolution
		{79063B70-854F-4C03-A0EB-837572E57063}.Debug|x86.ActiveCfg = Debug|x86
		{79063B70-854F-4C03-A0EB-837572E57063}.Debug|x86.Build.0 = Debug|x86
		{79063B70-854F-4C03-A0EB-837572E57063}.Release|x86.ActiveCfg = Release|x86
		{79063B70-854F-4C03-A0EB-837572E57063}.Release|x86.Build.0 = Release|x86
		{2D3577FC-5D08-4F74-A1C8-1919A98DAB27}.Debug|x86.ActiveCfg = Debug|x86
		{2D3577FC-5D08-4F74-A1C8-1919A98DAB27}.Release|x86.ActiveCfg = Release|x86
		{0A551D79-F37E-4529-9CA0-3FD2E9EA715E}.Debug|x86.ActiveCfg = Debug|x86
		{0A551D79-F37E-4529-9CA0-3FD2E9EA715E}.Debug|x86.Build.0 = Debug|x86
		{0A551D79-F37E-4529-9CA0-3FD2E9EA715E}.Release|x86.ActiveCfg = Release|x86
		{0A551D79-F37E-4529-9CA0-3FD2E9EA715E}.Release|x86.Build.0 = Release|x86
	EndGlobalSection
	GlobalSection(SolutionProperties) = preSolution
		HideSolutionNode = FALSE
	EndGlobalSection
EndGlobal
